
Microsoft Visual Studio Solution File, Format Version 12.00
# Visual Studio Version 16
VisualStudioVersion = 16.0.30907.101
MinimumVisualStudioVersion = 10.0.40219.1
Project("{8BC9CEB8-8B4A-11D0-8D11-00A0C91BC942}") = "Курсач", "Курсач\Курсач.vcxproj", "{AB7A3843-0888-4FF2-814D-CE0FD7FC456A}"
EndProject
Global
	GlobalSection(SolutionConfigurationPlatforms) = preSolution
		Debug|x64 = Debug|x64
		Debug|x86 = Debug|x86
		Release|x64 = Release|x64
		Release|x86 = Release|x86
	EndGlobalSection
	GlobalSection(ProjectConfigurationPlatforms) = postSolution
		{AB7A3843-0888-4FF2-814D-CE0FD7FC456A}.Debug|x64.ActiveCfg = Debug|x64
		{AB7A3843-0888-4FF2-814D-CE0FD7FC456A}.Debug|x64.Build.0 = Debug|x64
		{AB7A3843-0888-4FF2-814D-CE0FD7FC456A}.Debug|x86.ActiveCfg = Debug|Win32
		{AB7A3843-0888-4FF2-814D-CE0FD7FC456A}.Debug|x86.Build.0 = Debug|Win32
		{AB7A3843-0888-4FF2-814D-CE0FD7FC456A}.Release|x64.ActiveCfg = Release|x64
		{AB7A3843-0888-4FF2-814D-CE0FD7FC456A}.Release|x64.Build.0 = Release|x64
		{AB7A3843-0888-4FF2-814D-CE0FD7FC456A}.Release|x86.ActiveCfg = Release|Win32
		{AB7A3843-0888-4FF2-814D-CE0FD7FC456A}.Release|x86.Build.0 = Release|Win32
	EndGlobalSection
	GlobalSection(SolutionProperties) = preSolution
		HideSolutionNode = FALSE
	EndGlobalSection
	GlobalSection(ExtensibilityGlobals) = postSolution
		SolutionGuid = {41049957-98E4-41F8-BDAD-1DB6CA600C56}
	EndGlobalSection
EndGlobal
